
Microsoft Visual Studio Solution File, Format Version 12.00
# Visual Studio Version 16
VisualStudioVersion = 16.0.30320.27
MinimumVisualStudioVersion = 10.0.40219.1
Project("{FAE04EC0-301F-11D3-BF4B-00C04F79EFBC}") = "BookListRazor", "BookListRazor\BookListRazor.csproj", "{FC5197D3-577A-4794-A66F-AC3A85D18BEF}"
EndProject
Global
	GlobalSection(SolutionConfigurationPlatforms) = preSolution
		Debug|Any CPU = Debug|Any CPU
		Release|Any CPU = Release|Any CPU
	EndGlobalSection
	GlobalSection(ProjectConfigurationPlatforms) = postSolution
		{FC5197D3-577A-4794-A66F-AC3A85D18BEF}.Debug|Any CPU.ActiveCfg = Debug|Any CPU
		{FC5197D3-577A-4794-A66F-AC3A85D18BEF}.Debug|Any CPU.Build.0 = Debug|Any CPU
		{FC5197D3-577A-4794-A66F-AC3A85D18BEF}.Release|Any CPU.ActiveCfg = Release|Any CPU
		{FC5197D3-577A-4794-A66F-AC3A85D18BEF}.Release|Any CPU.Build.0 = Release|Any CPU
	EndGlobalSection
	GlobalSection(SolutionProperties) = preSolution
		HideSolutionNode = FALSE
	EndGlobalSection
	GlobalSection(ExtensibilityGlobals) = postSolution
		SolutionGuid = {C274A872-CB61-4ED9-8965-6D527C7A3A58}
	EndGlobalSection
EndGlobal
